
Microsoft Visual Studio Solution File, Format Version 12.00
# Visual Studio 15
VisualStudioVersion = 15.0.27130.2010
MinimumVisualStudioVersion = 10.0.40219.1
Project("{FAE04EC0-301F-11D3-BF4B-00C04F79EFBC}") = "Bullkart", "Bullkart\Bullkart.csproj", "{709C72A3-FB3F-4932-A3B3-90A33D4D60A1}"
EndProject
Global
	GlobalSection(SolutionConfigurationPlatforms) = preSolution
		Debug|Any CPU = Debug|Any CPU
		Release|Any CPU = Release|Any CPU
	EndGlobalSection
	GlobalSection(ProjectConfigurationPlatforms) = postSolution
		{709C72A3-FB3F-4932-A3B3-90A33D4D60A1}.Debug|Any CPU.ActiveCfg = Debug|Any CPU
		{709C72A3-FB3F-4932-A3B3-90A33D4D60A1}.Debug|Any CPU.Build.0 = Debug|Any CPU
		{709C72A3-FB3F-4932-A3B3-90A33D4D60A1}.Release|Any CPU.ActiveCfg = Release|Any CPU
		{709C72A3-FB3F-4932-A3B3-90A33D4D60A1}.Release|Any CPU.Build.0 = Release|Any CPU
	EndGlobalSection
	GlobalSection(SolutionProperties) = preSolution
		HideSolutionNode = FALSE
	EndGlobalSection
	GlobalSection(ExtensibilityGlobals) = postSolution
		SolutionGuid = {B88F3C30-EAD6-4D60-8361-DAABD85533F3}
	EndGlobalSection
EndGlobal
